
Microsoft Visual Studio Solution File, Format Version 12.00
# Visual Studio Version 17
VisualStudioVersion = 17.10.35027.167
MinimumVisualStudioVersion = 10.0.40219.1
Project("{FAE04EC0-301F-11D3-BF4B-00C04F79EFBC}") = "OurFirstClass", "OurFirstClass.csproj", "{AF7563D1-ED45-4C7A-891C-B88EF6F32EBD}"
EndProject
Global
	GlobalSection(SolutionConfigurationPlatforms) = preSolution
		Debug|Any CPU = Debug|Any CPU
		Release|Any CPU = Release|Any CPU
	EndGlobalSection
	GlobalSection(ProjectConfigurationPlatforms) = postSolution
		{AF7563D1-ED45-4C7A-891C-B88EF6F32EBD}.Debug|Any CPU.ActiveCfg = Debug|Any CPU
		{AF7563D1-ED45-4C7A-891C-B88EF6F32EBD}.Debug|Any CPU.Build.0 = Debug|Any CPU
		{AF7563D1-ED45-4C7A-891C-B88EF6F32EBD}.Release|Any CPU.ActiveCfg = Release|Any CPU
		{AF7563D1-ED45-4C7A-891C-B88EF6F32EBD}.Release|Any CPU.Build.0 = Release|Any CPU
	EndGlobalSection
	GlobalSection(SolutionProperties) = preSolution
		HideSolutionNode = FALSE
	EndGlobalSection
	GlobalSection(ExtensibilityGlobals) = postSolution
		SolutionGuid = {B0797D50-918B-42B7-A032-8ED521217E68}
	EndGlobalSection
EndGlobal
